
Microsoft Visual Studio Solution File, Format Version 12.00
# Visual Studio Version 16
VisualStudioVersion = 16.0.30406.217
MinimumVisualStudioVersion = 10.0.40219.1
Project("{FAE04EC0-301F-11D3-BF4B-00C04F79EFBC}") = "raquet more like ouch", "raquet more like ouch\raquet more like ouch.csproj", "{FBA0C471-5159-4BA9-BAE9-7CB286CA87A5}"
EndProject
Global
	GlobalSection(SolutionConfigurationPlatforms) = preSolution
		Debug|Any CPU = Debug|Any CPU
		Release|Any CPU = Release|Any CPU
	EndGlobalSection
	GlobalSection(ProjectConfigurationPlatforms) = postSolution
		{FBA0C471-5159-4BA9-BAE9-7CB286CA87A5}.Debug|Any CPU.ActiveCfg = Debug|Any CPU
		{FBA0C471-5159-4BA9-BAE9-7CB286CA87A5}.Debug|Any CPU.Build.0 = Debug|Any CPU
		{FBA0C471-5159-4BA9-BAE9-7CB286CA87A5}.Release|Any CPU.ActiveCfg = Release|Any CPU
		{FBA0C471-5159-4BA9-BAE9-7CB286CA87A5}.Release|Any CPU.Build.0 = Release|Any CPU
	EndGlobalSection
	GlobalSection(SolutionProperties) = preSolution
		HideSolutionNode = FALSE
	EndGlobalSection
	GlobalSection(ExtensibilityGlobals) = postSolution
		SolutionGuid = {5C6E3B3D-3BC4-4FEE-9B76-A10EFBE1668F}
	EndGlobalSection
EndGlobal
